// !$*UTF8*$!
{
	archiveVersion = 1;
	classes = {
	};
	objectVersion = 77;
	objects = {

/* Begin PBXBuildFile section */
		F3E343742CEFB32A005EF40A /* GoogleSignIn in Frameworks */ = {isa = PBXBuildFile; productRef = F3E343732CEFB32A005EF40A /* GoogleSignIn */; };
		F3E343762CEFB32A005EF40A /* GoogleSignInSwift in Frameworks */ = {isa = PBXBuildFile; productRef = F3E343752CEFB32A005EF40A /* GoogleSignInSwift */; };
		F3E343792CEFB384005EF40A /* FirebaseAnalytics in Frameworks */ = {isa = PBXBuildFile; productRef = F3E343782CEFB384005EF40A /* FirebaseAnalytics */; };
		F3E3437B2CEFB384005EF40A /* FirebaseAuth in Frameworks */ = {isa = PBXBuildFile; productRef = F3E3437A2CEFB384005EF40A /* FirebaseAuth */; };
		F3E3437D2CEFB384005EF40A /* FirebaseAuthCombine-Community in Frameworks */ = {isa = PBXBuildFile; productRef = F3E3437C2CEFB384005EF40A /* FirebaseAuthCombine-Community */; };
		F3E3437F2CEFB384005EF40A /* FirebaseCore in Frameworks */ = {isa = PBXBuildFile; productRef = F3E3437E2CEFB384005EF40A /* FirebaseCore */; };
		F3E343812CEFB384005EF40A /* FirebaseCrashlytics in Frameworks */ = {isa = PBXBuildFile; productRef = F3E343802CEFB384005EF40A /* FirebaseCrashlytics */; };
		F3E343832CEFB384005EF40A /* FirebaseDatabase in Frameworks */ = {isa = PBXBuildFile; productRef = F3E343822CEFB384005EF40A /* FirebaseDatabase */; };
		F3E343852CEFB384005EF40A /* FirebaseDynamicLinks in Frameworks */ = {isa = PBXBuildFile; productRef = F3E343842CEFB384005EF40A /* FirebaseDynamicLinks */; };
		F3E343872CEFB384005EF40A /* FirebaseFirestore in Frameworks */ = {isa = PBXBuildFile; productRef = F3E343862CEFB384005EF40A /* FirebaseFirestore */; };
		F3E343892CEFB384005EF40A /* FirebaseFirestoreCombine-Community in Frameworks */ = {isa = PBXBuildFile; productRef = F3E343882CEFB384005EF40A /* FirebaseFirestoreCombine-Community */; };
		F3E3438B2CEFB384005EF40A /* FirebaseMLModelDownloader in Frameworks */ = {isa = PBXBuildFile; productRef = F3E3438A2CEFB384005EF40A /* FirebaseMLModelDownloader */; };
		F3E3438D2CEFB384005EF40A /* FirebaseStorage in Frameworks */ = {isa = PBXBuildFile; productRef = F3E3438C2CEFB384005EF40A /* FirebaseStorage */; };
		F3E3438F2CEFB384005EF40A /* FirebaseStorageCombine-Community in Frameworks */ = {isa = PBXBuildFile; productRef = F3E3438E2CEFB384005EF40A /* FirebaseStorageCombine-Community */; };
/* End PBXBuildFile section */

/* Begin PBXContainerItemProxy section */
		F3E343562CEFB30D005EF40A /* PBXContainerItemProxy */ = {
			isa = PBXContainerItemProxy;
			containerPortal = F3E3433D2CEFB30B005EF40A /* Project object */;
			proxyType = 1;
			remoteGlobalIDString = F3E343442CEFB30B005EF40A;
			remoteInfo = L2Play;
		};
		F3E343602CEFB30D005EF40A /* PBXContainerItemProxy */ = {
			isa = PBXContainerItemProxy;
			containerPortal = F3E3433D2CEFB30B005EF40A /* Project object */;
			proxyType = 1;
			remoteGlobalIDString = F3E343442CEFB30B005EF40A;
			remoteInfo = L2Play;
		};
/* End PBXContainerItemProxy section */

/* Begin PBXFileReference section */
		F3E343452CEFB30B005EF40A /* L2Play.app */ = {isa = PBXFileReference; explicitFileType = wrapper.application; includeInIndex = 0; path = L2Play.app; sourceTree = BUILT_PRODUCTS_DIR; };
		F3E343552CEFB30D005EF40A /* L2PlayTests.xctest */ = {isa = PBXFileReference; explicitFileType = wrapper.cfbundle; includeInIndex = 0; path = L2PlayTests.xctest; sourceTree = BUILT_PRODUCTS_DIR; };
		F3E3435F2CEFB30D005EF40A /* L2PlayUITests.xctest */ = {isa = PBXFileReference; explicitFileType = wrapper.cfbundle; includeInIndex = 0; path = L2PlayUITests.xctest; sourceTree = BUILT_PRODUCTS_DIR; };
/* End PBXFileReference section */

/* Begin PBXFileSystemSynchronizedBuildFileExceptionSet section */
		F3E344042CEFBBD3005EF40A /* Exceptions for "L2Play" folder in "L2Play" target */ = {
			isa = PBXFileSystemSynchronizedBuildFileExceptionSet;
			membershipExceptions = (
				Info.plist,
			);
			target = F3E343442CEFB30B005EF40A /* L2Play */;
		};
/* End PBXFileSystemSynchronizedBuildFileExceptionSet section */

/* Begin PBXFileSystemSynchronizedRootGroup section */
		F3E343472CEFB30B005EF40A /* L2Play */ = {
			isa = PBXFileSystemSynchronizedRootGroup;
			exceptions = (
				F3E344042CEFBBD3005EF40A /* Exceptions for "L2Play" folder in "L2Play" target */,
			);
			path = L2Play;
			sourceTree = "<group>";
		};
		F3E343582CEFB30D005EF40A /* L2PlayTests */ = {
			isa = PBXFileSystemSynchronizedRootGroup;
			path = L2PlayTests;
			sourceTree = "<group>";
		};
		F3E343622CEFB30D005EF40A /* L2PlayUITests */ = {
			isa = PBXFileSystemSynchronizedRootGroup;
			path = L2PlayUITests;
			sourceTree = "<group>";
		};
/* End PBXFileSystemSynchronizedRootGroup section */

/* Begin PBXFrameworksBuildPhase section */
		F3E343422CEFB30B005EF40A /* Frameworks */ = {
			isa = PBXFrameworksBuildPhase;
			buildActionMask = 2147483647;
			files = (
				F3E343742CEFB32A005EF40A /* GoogleSignIn in Frameworks */,
				F3E343762CEFB32A005EF40A /* GoogleSignInSwift in Frameworks */,
				F3E343792CEFB384005EF40A /* FirebaseAnalytics in Frameworks */,
				F3E3438B2CEFB384005EF40A /* FirebaseMLModelDownloader in Frameworks */,
				F3E343872CEFB384005EF40A /* FirebaseFirestore in Frameworks */,
				F3E343812CEFB384005EF40A /* FirebaseCrashlytics in Frameworks */,
				F3E343892CEFB384005EF40A /* FirebaseFirestoreCombine-Community in Frameworks */,
				F3E3437B2CEFB384005EF40A /* FirebaseAuth in Frameworks */,
				F3E3438F2CEFB384005EF40A /* FirebaseStorageCombine-Community in Frameworks */,
				F3E3438D2CEFB384005EF40A /* FirebaseStorage in Frameworks */,
				F3E343852CEFB384005EF40A /* FirebaseDynamicLinks in Frameworks */,
				F3E3437F2CEFB384005EF40A /* FirebaseCore in Frameworks */,
				F3E343832CEFB384005EF40A /* FirebaseDatabase in Frameworks */,
				F3E3437D2CEFB384005EF40A /* FirebaseAuthCombine-Community in Frameworks */,
			);
			runOnlyForDeploymentPostprocessing = 0;
		};
		F3E343522CEFB30D005EF40A /* Frameworks */ = {
			isa = PBXFrameworksBuildPhase;
			buildActionMask = 2147483647;
			files = (
			);
			runOnlyForDeploymentPostprocessing = 0;
		};
		F3E3435C2CEFB30D005EF40A /* Frameworks */ = {
			isa = PBXFrameworksBuildPhase;
			buildActionMask = 2147483647;
			files = (
			);
			runOnlyForDeploymentPostprocessing = 0;
		};
/* End PBXFrameworksBuildPhase section */

/* Begin PBXGroup section */
		F3E3433C2CEFB30B005EF40A = {
			isa = PBXGroup;
			children = (
				F3E343472CEFB30B005EF40A /* L2Play */,
				F3E343582CEFB30D005EF40A /* L2PlayTests */,
				F3E343622CEFB30D005EF40A /* L2PlayUITests */,
				F3E343462CEFB30B005EF40A /* Products */,
			);
			sourceTree = "<group>";
		};
		F3E343462CEFB30B005EF40A /* Products */ = {
			isa = PBXGroup;
			children = (
				F3E343452CEFB30B005EF40A /* L2Play.app */,
				F3E343552CEFB30D005EF40A /* L2PlayTests.xctest */,
				F3E3435F2CEFB30D005EF40A /* L2PlayUITests.xctest */,
			);
			name = Products;
			sourceTree = "<group>";
		};
/* End PBXGroup section */

/* Begin PBXNativeTarget section */
		F3E343442CEFB30B005EF40A /* L2Play */ = {
			isa = PBXNativeTarget;
			buildConfigurationList = F3E343692CEFB30D005EF40A /* Build configuration list for PBXNativeTarget "L2Play" */;
			buildPhases = (
				F3E343412CEFB30B005EF40A /* Sources */,
				F3E343422CEFB30B005EF40A /* Frameworks */,
				F3E343432CEFB30B005EF40A /* Resources */,
			);
			buildRules = (
			);
			dependencies = (
			);
			fileSystemSynchronizedGroups = (
				F3E343472CEFB30B005EF40A /* L2Play */,
			);
			name = L2Play;
			packageProductDependencies = (
				F3E343732CEFB32A005EF40A /* GoogleSignIn */,
				F3E343752CEFB32A005EF40A /* GoogleSignInSwift */,
				F3E343782CEFB384005EF40A /* FirebaseAnalytics */,
				F3E3437A2CEFB384005EF40A /* FirebaseAuth */,
				F3E3437C2CEFB384005EF40A /* FirebaseAuthCombine-Community */,
				F3E3437E2CEFB384005EF40A /* FirebaseCore */,
				F3E343802CEFB384005EF40A /* FirebaseCrashlytics */,
				F3E343822CEFB384005EF40A /* FirebaseDatabase */,
				F3E343842CEFB384005EF40A /* FirebaseDynamicLinks */,
				F3E343862CEFB384005EF40A /* FirebaseFirestore */,
				F3E343882CEFB384005EF40A /* FirebaseFirestoreCombine-Community */,
				F3E3438A2CEFB384005EF40A /* FirebaseMLModelDownloader */,
				F3E3438C2CEFB384005EF40A /* FirebaseStorage */,
				F3E3438E2CEFB384005EF40A /* FirebaseStorageCombine-Community */,
			);
			productName = L2Play;
			productReference = F3E343452CEFB30B005EF40A /* L2Play.app */;
			productType = "com.apple.product-type.application";
		};
		F3E343542CEFB30D005EF40A /* L2PlayTests */ = {
			isa = PBXNativeTarget;
			buildConfigurationList = F3E3436C2CEFB30D005EF40A /* Build configuration list for PBXNativeTarget "L2PlayTests" */;
			buildPhases = (
				F3E343512CEFB30D005EF40A /* Sources */,
				F3E343522CEFB30D005EF40A /* Frameworks */,
				F3E343532CEFB30D005EF40A /* Resources */,
			);
			buildRules = (
			);
			dependencies = (
				F3E343572CEFB30D005EF40A /* PBXTargetDependency */,
			);
			fileSystemSynchronizedGroups = (
				F3E343582CEFB30D005EF40A /* L2PlayTests */,
			);
			name = L2PlayTests;
			packageProductDependencies = (
			);
			productName = L2PlayTests;
			productReference = F3E343552CEFB30D005EF40A /* L2PlayTests.xctest */;
			productType = "com.apple.product-type.bundle.unit-test";
		};
		F3E3435E2CEFB30D005EF40A /* L2PlayUITests */ = {
			isa = PBXNativeTarget;
			buildConfigurationList = F3E3436F2CEFB30D005EF40A /* Build configuration list for PBXNativeTarget "L2PlayUITests" */;
			buildPhases = (
				F3E3435B2CEFB30D005EF40A /* Sources */,
				F3E3435C2CEFB30D005EF40A /* Frameworks */,
				F3E3435D2CEFB30D005EF40A /* Resources */,
			);
			buildRules = (
			);
			dependencies = (
				F3E343612CEFB30D005EF40A /* PBXTargetDependency */,
			);
			fileSystemSynchronizedGroups = (
				F3E343622CEFB30D005EF40A /* L2PlayUITests */,
			);
			name = L2PlayUITests;
			packageProductDependencies = (
			);
			productName = L2PlayUITests;
			productReference = F3E3435F2CEFB30D005EF40A /* L2PlayUITests.xctest */;
			productType = "com.apple.product-type.bundle.ui-testing";
		};
/* End PBXNativeTarget section */

/* Begin PBXProject section */
		F3E3433D2CEFB30B005EF40A /* Project object */ = {
			isa = PBXProject;
			attributes = {
				BuildIndependentTargetsInParallel = 1;
				LastSwiftUpdateCheck = 1600;
				LastUpgradeCheck = 1600;
				TargetAttributes = {
					F3E343442CEFB30B005EF40A = {
						CreatedOnToolsVersion = 16.0;
					};
					F3E343542CEFB30D005EF40A = {
						CreatedOnToolsVersion = 16.0;
						TestTargetID = F3E343442CEFB30B005EF40A;
					};
					F3E3435E2CEFB30D005EF40A = {
						CreatedOnToolsVersion = 16.0;
						TestTargetID = F3E343442CEFB30B005EF40A;
					};
				};
			};
			buildConfigurationList = F3E343402CEFB30B005EF40A /* Build configuration list for PBXProject "L2Play" */;
			developmentRegion = en;
			hasScannedForEncodings = 0;
			knownRegions = (
				en,
				Base,
				pl,
			);
			mainGroup = F3E3433C2CEFB30B005EF40A;
			minimizedProjectReferenceProxies = 1;
			packageReferences = (
				F3E343722CEFB32A005EF40A /* XCRemoteSwiftPackageReference "GoogleSignIn-iOS" */,
				F3E343772CEFB384005EF40A /* XCRemoteSwiftPackageReference "firebase-ios-sdk" */,
			);
			preferredProjectObjectVersion = 77;
			productRefGroup = F3E343462CEFB30B005EF40A /* Products */;
			projectDirPath = "";
			projectRoot = "";
			targets = (
				F3E343442CEFB30B005EF40A /* L2Play */,
				F3E343542CEFB30D005EF40A /* L2PlayTests */,
				F3E3435E2CEFB30D005EF40A /* L2PlayUITests */,
			);
		};
/* End PBXProject section */

/* Begin PBXResourcesBuildPhase section */
		F3E343432CEFB30B005EF40A /* Resources */ = {
			isa = PBXResourcesBuildPhase;
			buildActionMask = 2147483647;
			files = (
			);
			runOnlyForDeploymentPostprocessing = 0;
		};
		F3E343532CEFB30D005EF40A /* Resources */ = {
			isa = PBXResourcesBuildPhase;
			buildActionMask = 2147483647;
			files = (
			);
			runOnlyForDeploymentPostprocessing = 0;
		};
		F3E3435D2CEFB30D005EF40A /* Resources */ = {
			isa = PBXResourcesBuildPhase;
			buildActionMask = 2147483647;
			files = (
			);
			runOnlyForDeploymentPostprocessing = 0;
		};
/* End PBXResourcesBuildPhase section */

/* Begin PBXSourcesBuildPhase section */
		F3E343412CEFB30B005EF40A /* Sources */ = {
			isa = PBXSourcesBuildPhase;
			buildActionMask = 2147483647;
			files = (
			);
			runOnlyForDeploymentPostprocessing = 0;
		};
		F3E343512CEFB30D005EF40A /* Sources */ = {
			isa = PBXSourcesBuildPhase;
			buildActionMask = 2147483647;
			files = (
			);
			runOnlyForDeploymentPostprocessing = 0;
		};
		F3E3435B2CEFB30D005EF40A /* Sources */ = {
			isa = PBXSourcesBuildPhase;
			buildActionMask = 2147483647;
			files = (
			);
			runOnlyForDeploymentPostprocessing = 0;
		};
/* End PBXSourcesBuildPhase section */

/* Begin PBXTargetDependency section */
		F3E343572CEFB30D005EF40A /* PBXTargetDependency */ = {
			isa = PBXTargetDependency;
			target = F3E343442CEFB30B005EF40A /* L2Play */;
			targetProxy = F3E343562CEFB30D005EF40A /* PBXContainerItemProxy */;
		};
		F3E343612CEFB30D005EF40A /* PBXTargetDependency */ = {
			isa = PBXTargetDependency;
			target = F3E343442CEFB30B005EF40A /* L2Play */;
			targetProxy = F3E343602CEFB30D005EF40A /* PBXContainerItemProxy */;
		};
/* End PBXTargetDependency section */

/* Begin XCBuildConfiguration section */
		F3E343672CEFB30D005EF40A /* Debug */ = {
			isa = XCBuildConfiguration;
			buildSettings = {
				ALWAYS_SEARCH_USER_PATHS = NO;
				ASSETCATALOG_COMPILER_GENERATE_SWIFT_ASSET_SYMBOL_EXTENSIONS = YES;
				CLANG_ANALYZER_NONNULL = YES;
				CLANG_ANALYZER_NUMBER_OBJECT_CONVERSION = YES_AGGRESSIVE;
				CLANG_CXX_LANGUAGE_STANDARD = "gnu++20";
				CLANG_ENABLE_MODULES = YES;
				CLANG_ENABLE_OBJC_ARC = YES;
				CLANG_ENABLE_OBJC_WEAK = YES;
				CLANG_WARN_BLOCK_CAPTURE_AUTORELEASING = YES;
				CLANG_WARN_BOOL_CONVERSION = YES;
				CLANG_WARN_COMMA = YES;
				CLANG_WARN_CONSTANT_CONVERSION = YES;
				CLANG_WARN_DEPRECATED_OBJC_IMPLEMENTATIONS = YES;
				CLANG_WARN_DIRECT_OBJC_ISA_USAGE = YES_ERROR;
				CLANG_WARN_DOCUMENTATION_COMMENTS = YES;
				CLANG_WARN_EMPTY_BODY = YES;
				CLANG_WARN_ENUM_CONVERSION = YES;
				CLANG_WARN_INFINITE_RECURSION = YES;
				CLANG_WARN_INT_CONVERSION = YES;
				CLANG_WARN_NON_LITERAL_NULL_CONVERSION = YES;
				CLANG_WARN_OBJC_IMPLICIT_RETAIN_SELF = YES;
				CLANG_WARN_OBJC_LITERAL_CONVERSION = YES;
				CLANG_WARN_OBJC_ROOT_CLASS = YES_ERROR;
				CLANG_WARN_QUOTED_INCLUDE_IN_FRAMEWORK_HEADER = YES;
				CLANG_WARN_RANGE_LOOP_ANALYSIS = YES;
				CLANG_WARN_STRICT_PROTOTYPES = YES;
				CLANG_WARN_SUSPICIOUS_MOVE = YES;
				CLANG_WARN_UNGUARDED_AVAILABILITY = YES_AGGRESSIVE;
				CLANG_WARN_UNREACHABLE_CODE = YES;
				CLANG_WARN__DUPLICATE_METHOD_MATCH = YES;
				COPY_PHASE_STRIP = NO;
				DEBUG_INFORMATION_FORMAT = dwarf;
				ENABLE_STRICT_OBJC_MSGSEND = YES;
				ENABLE_TESTABILITY = YES;
				ENABLE_USER_SCRIPT_SANDBOXING = YES;
				GCC_C_LANGUAGE_STANDARD = gnu17;
				GCC_DYNAMIC_NO_PIC = NO;
				GCC_NO_COMMON_BLOCKS = YES;
				GCC_OPTIMIZATION_LEVEL = 0;
				GCC_PREPROCESSOR_DEFINITIONS = (
					"DEBUG=1",
					"$(inherited)",
				);
				GCC_WARN_64_TO_32_BIT_CONVERSION = YES;
				GCC_WARN_ABOUT_RETURN_TYPE = YES_ERROR;
				GCC_WARN_UNDECLARED_SELECTOR = YES;
				GCC_WARN_UNINITIALIZED_AUTOS = YES_AGGRESSIVE;
				GCC_WARN_UNUSED_FUNCTION = YES;
				GCC_WARN_UNUSED_VARIABLE = YES;
				IPHONEOS_DEPLOYMENT_TARGET = 18.0;
				LOCALIZATION_PREFERS_STRING_CATALOGS = YES;
				MTL_ENABLE_DEBUG_INFO = INCLUDE_SOURCE;
				MTL_FAST_MATH = YES;
				ONLY_ACTIVE_ARCH = YES;
				SDKROOT = iphoneos;
				SWIFT_ACTIVE_COMPILATION_CONDITIONS = "DEBUG $(inherited)";
				SWIFT_OPTIMIZATION_LEVEL = "-Onone";
			};
			name = Debug;
		};
		F3E343682CEFB30D005EF40A /* Release */ = {
			isa = XCBuildConfiguration;
			buildSettings = {
				ALWAYS_SEARCH_USER_PATHS = NO;
				ASSETCATALOG_COMPILER_GENERATE_SWIFT_ASSET_SYMBOL_EXTENSIONS = YES;
				CLANG_ANALYZER_NONNULL = YES;
				CLANG_ANALYZER_NUMBER_OBJECT_CONVERSION = YES_AGGRESSIVE;
				CLANG_CXX_LANGUAGE_STANDARD = "gnu++20";
				CLANG_ENABLE_MODULES = YES;
				CLANG_ENABLE_OBJC_ARC = YES;
				CLANG_ENABLE_OBJC_WEAK = YES;
				CLANG_WARN_BLOCK_CAPTURE_AUTORELEASING = YES;
				CLANG_WARN_BOOL_CONVERSION = YES;
				CLANG_WARN_COMMA = YES;
				CLANG_WARN_CONSTANT_CONVERSION = YES;
				CLANG_WARN_DEPRECATED_OBJC_IMPLEMENTATIONS = YES;
				CLANG_WARN_DIRECT_OBJC_ISA_USAGE = YES_ERROR;
				CLANG_WARN_DOCUMENTATION_COMMENTS = YES;
				CLANG_WARN_EMPTY_BODY = YES;
				CLANG_WARN_ENUM_CONVERSION = YES;
				CLANG_WARN_INFINITE_RECURSION = YES;
				CLANG_WARN_INT_CONVERSION = YES;
				CLANG_WARN_NON_LITERAL_NULL_CONVERSION = YES;
				CLANG_WARN_OBJC_IMPLICIT_RETAIN_SELF = YES;
				CLANG_WARN_OBJC_LITERAL_CONVERSION = YES;
				CLANG_WARN_OBJC_ROOT_CLASS = YES_ERROR;
				CLANG_WARN_QUOTED_INCLUDE_IN_FRAMEWORK_HEADER = YES;
				CLANG_WARN_RANGE_LOOP_ANALYSIS = YES;
				CLANG_WARN_STRICT_PROTOTYPES = YES;
				CLANG_WARN_SUSPICIOUS_MOVE = YES;
				CLANG_WARN_UNGUARDED_AVAILABILITY = YES_AGGRESSIVE;
				CLANG_WARN_UNREACHABLE_CODE = YES;
				CLANG_WARN__DUPLICATE_METHOD_MATCH = YES;
				COPY_PHASE_STRIP = NO;
				DEBUG_INFORMATION_FORMAT = "dwarf-with-dsym";
				ENABLE_NS_ASSERTIONS = NO;
				ENABLE_STRICT_OBJC_MSGSEND = YES;
				ENABLE_USER_SCRIPT_SANDBOXING = YES;
				GCC_C_LANGUAGE_STANDARD = gnu17;
				GCC_NO_COMMON_BLOCKS = YES;
				GCC_WARN_64_TO_32_BIT_CONVERSION = YES;
				GCC_WARN_ABOUT_RETURN_TYPE = YES_ERROR;
				GCC_WARN_UNDECLARED_SELECTOR = YES;
				GCC_WARN_UNINITIALIZED_AUTOS = YES_AGGRESSIVE;
				GCC_WARN_UNUSED_FUNCTION = YES;
				GCC_WARN_UNUSED_VARIABLE = YES;
				IPHONEOS_DEPLOYMENT_TARGET = 18.0;
				LOCALIZATION_PREFERS_STRING_CATALOGS = YES;
				MTL_ENABLE_DEBUG_INFO = NO;
				MTL_FAST_MATH = YES;
				SDKROOT = iphoneos;
				SWIFT_COMPILATION_MODE = wholemodule;
				VALIDATE_PRODUCT = YES;
			};
			name = Release;
		};
		F3E3436A2CEFB30D005EF40A /* Debug */ = {
			isa = XCBuildConfiguration;
			buildSettings = {
				ASSETCATALOG_COMPILER_APPICON_NAME = AppIcon;
				ASSETCATALOG_COMPILER_GLOBAL_ACCENT_COLOR_NAME = AccentColor;
				CODE_SIGN_STYLE = Automatic;
				CURRENT_PROJECT_VERSION = 1;
				DEVELOPMENT_ASSET_PATHS = "\"L2Play/Preview Content\"";
				DEVELOPMENT_TEAM = 7475LNX7TL;
				ENABLE_PREVIEWS = YES;
				GENERATE_INFOPLIST_FILE = YES;
				INFOPLIST_FILE = L2Play/Info.plist;
				INFOPLIST_KEY_UIApplicationSceneManifest_Generation = YES;
				INFOPLIST_KEY_UIApplicationSupportsIndirectInputEvents = YES;
				INFOPLIST_KEY_UILaunchScreen_Generation = YES;
				INFOPLIST_KEY_UISupportedInterfaceOrientations_iPad = "UIInterfaceOrientationPortrait UIInterfaceOrientationPortraitUpsideDown UIInterfaceOrientationLandscapeLeft UIInterfaceOrientationLandscapeRight";
				INFOPLIST_KEY_UISupportedInterfaceOrientations_iPhone = "UIInterfaceOrientationPortrait UIInterfaceOrientationLandscapeLeft UIInterfaceOrientationLandscapeRight";
				LD_RUNPATH_SEARCH_PATHS = (
					"$(inherited)",
					"@executable_path/Frameworks",
				);
				MARKETING_VERSION = 1.0;
				PRODUCT_BUNDLE_IDENTIFIER = lukaszfabia.L2Play;
				PRODUCT_NAME = "$(TARGET_NAME)";
				SWIFT_EMIT_LOC_STRINGS = YES;
				SWIFT_VERSION = 5.0;
				TARGETED_DEVICE_FAMILY = "1,2";
			};
			name = Debug;
		};
		F3E3436B2CEFB30D005EF40A /* Release */ = {
			isa = XCBuildConfiguration;
			buildSettings = {
				ASSETCATALOG_COMPILER_APPICON_NAME = AppIcon;
				ASSETCATALOG_COMPILER_GLOBAL_ACCENT_COLOR_NAME = AccentColor;
				CODE_SIGN_STYLE = Automatic;
				CURRENT_PROJECT_VERSION = 1;
				DEVELOPMENT_ASSET_PATHS = "\"L2Play/Preview Content\"";
				DEVELOPMENT_TEAM = 7475LNX7TL;
				ENABLE_PREVIEWS = YES;
				GENERATE_INFOPLIST_FILE = YES;
				INFOPLIST_FILE = L2Play/Info.plist;
				INFOPLIST_KEY_UIApplicationSceneManifest_Generation = YES;
				INFOPLIST_KEY_UIApplicationSupportsIndirectInputEvents = YES;
				INFOPLIST_KEY_UILaunchScreen_Generation = YES;
				INFOPLIST_KEY_UISupportedInterfaceOrientations_iPad = "UIInterfaceOrientationPortrait UIInterfaceOrientationPortraitUpsideDown UIInterfaceOrientationLandscapeLeft UIInterfaceOrientationLandscapeRight";
				INFOPLIST_KEY_UISupportedInterfaceOrientations_iPhone = "UIInterfaceOrientationPortrait UIInterfaceOrientationLandscapeLeft UIInterfaceOrientationLandscapeRight";
				LD_RUNPATH_SEARCH_PATHS = (
					"$(inherited)",
					"@executable_path/Frameworks",
				);
				MARKETING_VERSION = 1.0;
				PRODUCT_BUNDLE_IDENTIFIER = lukaszfabia.L2Play;
				PRODUCT_NAME = "$(TARGET_NAME)";
				SWIFT_EMIT_LOC_STRINGS = YES;
				SWIFT_VERSION = 5.0;
				TARGETED_DEVICE_FAMILY = "1,2";
			};
			name = Release;
		};
		F3E3436D2CEFB30D005EF40A /* Debug */ = {
			isa = XCBuildConfiguration;
			buildSettings = {
				BUNDLE_LOADER = "$(TEST_HOST)";
				CODE_SIGN_STYLE = Automatic;
				CURRENT_PROJECT_VERSION = 1;
				DEVELOPMENT_TEAM = 7475LNX7TL;
				GENERATE_INFOPLIST_FILE = YES;
				IPHONEOS_DEPLOYMENT_TARGET = 18.0;
				MARKETING_VERSION = 1.0;
				PRODUCT_BUNDLE_IDENTIFIER = lukaszfabia.L2PlayTests;
				PRODUCT_NAME = "$(TARGET_NAME)";
				SWIFT_EMIT_LOC_STRINGS = NO;
				SWIFT_VERSION = 5.0;
				TARGETED_DEVICE_FAMILY = "1,2";
				TEST_HOST = "$(BUILT_PRODUCTS_DIR)/L2Play.app/$(BUNDLE_EXECUTABLE_FOLDER_PATH)/L2Play";
			};
			name = Debug;
		};
		F3E3436E2CEFB30D005EF40A /* Release */ = {
			isa = XCBuildConfiguration;
			buildSettings = {
				BUNDLE_LOADER = "$(TEST_HOST)";
				CODE_SIGN_STYLE = Automatic;
				CURRENT_PROJECT_VERSION = 1;
				DEVELOPMENT_TEAM = 7475LNX7TL;
				GENERATE_INFOPLIST_FILE = YES;
				IPHONEOS_DEPLOYMENT_TARGET = 18.0;
				MARKETING_VERSION = 1.0;
				PRODUCT_BUNDLE_IDENTIFIER = lukaszfabia.L2PlayTests;
				PRODUCT_NAME = "$(TARGET_NAME)";
				SWIFT_EMIT_LOC_STRINGS = NO;
				SWIFT_VERSION = 5.0;
				TARGETED_DEVICE_FAMILY = "1,2";
				TEST_HOST = "$(BUILT_PRODUCTS_DIR)/L2Play.app/$(BUNDLE_EXECUTABLE_FOLDER_PATH)/L2Play";
			};
			name = Release;
		};
		F3E343702CEFB30D005EF40A /* Debug */ = {
			isa = XCBuildConfiguration;
			buildSettings = {
				CODE_SIGN_STYLE = Automatic;
				CURRENT_PROJECT_VERSION = 1;
				DEVELOPMENT_TEAM = 7475LNX7TL;
				GENERATE_INFOPLIST_FILE = YES;
				MARKETING_VERSION = 1.0;
				PRODUCT_BUNDLE_IDENTIFIER = lukaszfabia.L2PlayUITests;
				PRODUCT_NAME = "$(TARGET_NAME)";
				SWIFT_EMIT_LOC_STRINGS = NO;
				SWIFT_VERSION = 5.0;
				TARGETED_DEVICE_FAMILY = "1,2";
				TEST_TARGET_NAME = L2Play;
			};
			name = Debug;
		};
		F3E343712CEFB30D005EF40A /* Release */ = {
			isa = XCBuildConfiguration;
			buildSettings = {
				CODE_SIGN_STYLE = Automatic;
				CURRENT_PROJECT_VERSION = 1;
				DEVELOPMENT_TEAM = 7475LNX7TL;
				GENERATE_INFOPLIST_FILE = YES;
				MARKETING_VERSION = 1.0;
				PRODUCT_BUNDLE_IDENTIFIER = lukaszfabia.L2PlayUITests;
				PRODUCT_NAME = "$(TARGET_NAME)";
				SWIFT_EMIT_LOC_STRINGS = NO;
				SWIFT_VERSION = 5.0;
				TARGETED_DEVICE_FAMILY = "1,2";
				TEST_TARGET_NAME = L2Play;
			};
			name = Release;
		};
/* End XCBuildConfiguration section */

/* Begin XCConfigurationList section */
		F3E343402CEFB30B005EF40A /* Build configuration list for PBXProject "L2Play" */ = {
			isa = XCConfigurationList;
			buildConfigurations = (
				F3E343672CEFB30D005EF40A /* Debug */,
				F3E343682CEFB30D005EF40A /* Release */,
			);
			defaultConfigurationIsVisible = 0;
			defaultConfigurationName = Release;
		};
		F3E343692CEFB30D005EF40A /* Build configuration list for PBXNativeTarget "L2Play" */ = {
			isa = XCConfigurationList;
			buildConfigurations = (
				F3E3436A2CEFB30D005EF40A /* Debug */,
				F3E3436B2CEFB30D005EF40A /* Release */,
			);
			defaultConfigurationIsVisible = 0;
			defaultConfigurationName = Release;
		};
		F3E3436C2CEFB30D005EF40A /* Build configuration list for PBXNativeTarget "L2PlayTests" */ = {
			isa = XCConfigurationList;
			buildConfigurations = (
				F3E3436D2CEFB30D005EF40A /* Debug */,
				F3E3436E2CEFB30D005EF40A /* Release */,
			);
			defaultConfigurationIsVisible = 0;
			defaultConfigurationName = Release;
		};
		F3E3436F2CEFB30D005EF40A /* Build configuration list for PBXNativeTarget "L2PlayUITests" */ = {
			isa = XCConfigurationList;
			buildConfigurations = (
				F3E343702CEFB30D005EF40A /* Debug */,
				F3E343712CEFB30D005EF40A /* Release */,
			);
			defaultConfigurationIsVisible = 0;
			defaultConfigurationName = Release;
		};
/* End XCConfigurationList section */

/* Begin XCRemoteSwiftPackageReference section */
		F3E343722CEFB32A005EF40A /* XCRemoteSwiftPackageReference "GoogleSignIn-iOS" */ = {
			isa = XCRemoteSwiftPackageReference;
			repositoryURL = "https://github.com/google/GoogleSignIn-iOS";
			requirement = {
				kind = upToNextMajorVersion;
				minimumVersion = 8.0.0;
			};
		};
		F3E343772CEFB384005EF40A /* XCRemoteSwiftPackageReference "firebase-ios-sdk" */ = {
			isa = XCRemoteSwiftPackageReference;
			repositoryURL = "https://github.com/firebase/firebase-ios-sdk";
			requirement = {
				kind = upToNextMajorVersion;
				minimumVersion = 11.5.0;
			};
		};
/* End XCRemoteSwiftPackageReference section */

/* Begin XCSwiftPackageProductDependency section */
		F3E343732CEFB32A005EF40A /* GoogleSignIn */ = {
			isa = XCSwiftPackageProductDependency;
			package = F3E343722CEFB32A005EF40A /* XCRemoteSwiftPackageReference "GoogleSignIn-iOS" */;
			productName = GoogleSignIn;
		};
		F3E343752CEFB32A005EF40A /* GoogleSignInSwift */ = {
			isa = XCSwiftPackageProductDependency;
			package = F3E343722CEFB32A005EF40A /* XCRemoteSwiftPackageReference "GoogleSignIn-iOS" */;
			productName = GoogleSignInSwift;
		};
		F3E343782CEFB384005EF40A /* FirebaseAnalytics */ = {
			isa = XCSwiftPackageProductDependency;
			package = F3E343772CEFB384005EF40A /* XCRemoteSwiftPackageReference "firebase-ios-sdk" */;
			productName = FirebaseAnalytics;
		};
		F3E3437A2CEFB384005EF40A /* FirebaseAuth */ = {
			isa = XCSwiftPackageProductDependency;
			package = F3E343772CEFB384005EF40A /* XCRemoteSwiftPackageReference "firebase-ios-sdk" */;
			productName = FirebaseAuth;
		};
		F3E3437C2CEFB384005EF40A /* FirebaseAuthCombine-Community */ = {
			isa = XCSwiftPackageProductDependency;
			package = F3E343772CEFB384005EF40A /* XCRemoteSwiftPackageReference "firebase-ios-sdk" */;
			productName = "FirebaseAuthCombine-Community";
		};
		F3E3437E2CEFB384005EF40A /* FirebaseCore */ = {
			isa = XCSwiftPackageProductDependency;
			package = F3E343772CEFB384005EF40A /* XCRemoteSwiftPackageReference "firebase-ios-sdk" */;
			productName = FirebaseCore;
		};
		F3E343802CEFB384005EF40A /* FirebaseCrashlytics */ = {
			isa = XCSwiftPackageProductDependency;
			package = F3E343772CEFB384005EF40A /* XCRemoteSwiftPackageReference "firebase-ios-sdk" */;
			productName = FirebaseCrashlytics;
		};
		F3E343822CEFB384005EF40A /* FirebaseDatabase */ = {
			isa = XCSwiftPackageProductDependency;
			package = F3E343772CEFB384005EF40A /* XCRemoteSwiftPackageReference "firebase-ios-sdk" */;
			productName = FirebaseDatabase;
		};
		F3E343842CEFB384005EF40A /* FirebaseDynamicLinks */ = {
			isa = XCSwiftPackageProductDependency;
			package = F3E343772CEFB384005EF40A /* XCRemoteSwiftPackageReference "firebase-ios-sdk" */;
			productName = FirebaseDynamicLinks;
		};
		F3E343862CEFB384005EF40A /* FirebaseFirestore */ = {
			isa = XCSwiftPackageProductDependency;
			package = F3E343772CEFB384005EF40A /* XCRemoteSwiftPackageReference "firebase-ios-sdk" */;
			productName = FirebaseFirestore;
		};
		F3E343882CEFB384005EF40A /* FirebaseFirestoreCombine-Community */ = {
			isa = XCSwiftPackageProductDependency;
			package = F3E343772CEFB384005EF40A /* XCRemoteSwiftPackageReference "firebase-ios-sdk" */;
			productName = "FirebaseFirestoreCombine-Community";
		};
		F3E3438A2CEFB384005EF40A /* FirebaseMLModelDownloader */ = {
			isa = XCSwiftPackageProductDependency;
			package = F3E343772CEFB384005EF40A /* XCRemoteSwiftPackageReference "firebase-ios-sdk" */;
			productName = FirebaseMLModelDownloader;
		};
		F3E3438C2CEFB384005EF40A /* FirebaseStorage */ = {
			isa = XCSwiftPackageProductDependency;
			package = F3E343772CEFB384005EF40A /* XCRemoteSwiftPackageReference "firebase-ios-sdk" */;
			productName = FirebaseStorage;
		};
		F3E3438E2CEFB384005EF40A /* FirebaseStorageCombine-Community */ = {
			isa = XCSwiftPackageProductDependency;
			package = F3E343772CEFB384005EF40A /* XCRemoteSwiftPackageReference "firebase-ios-sdk" */;
			productName = "FirebaseStorageCombine-Community";
		};
/* End XCSwiftPackageProductDependency section */
	};
	rootObject = F3E3433D2CEFB30B005EF40A /* Project object */;
}
