// !$*UTF8*$!
{
	archiveVersion = 1;
	classes = {
	};
	objectVersion = 77;
	objects = {

/* Begin PBXBuildFile section */
		F33DEB4C2D086CC700AF9775 /* Cloudinary in Frameworks */ = {isa = PBXBuildFile; productRef = F33DEB4B2D086CC700AF9775 /* Cloudinary */; };
		F387A6752D37D3BC00DC406A /* FirebaseAppCheck in Frameworks */ = {isa = PBXBuildFile; productRef = F387A6742D37D3BC00DC406A /* FirebaseAppCheck */; };
		F387A6772D37D3BC00DC406A /* FirebaseAuth in Frameworks */ = {isa = PBXBuildFile; productRef = F387A6762D37D3BC00DC406A /* FirebaseAuth */; };
		F387A6792D37D3BC00DC406A /* FirebaseCore in Frameworks */ = {isa = PBXBuildFile; productRef = F387A6782D37D3BC00DC406A /* FirebaseCore */; };
		F387A67B2D37D47F00DC406A /* FirebaseDatabase in Frameworks */ = {isa = PBXBuildFile; productRef = F387A67A2D37D47F00DC406A /* FirebaseDatabase */; };
		F387A67D2D37D4D300DC406A /* FirebaseFirestore in Frameworks */ = {isa = PBXBuildFile; productRef = F387A67C2D37D4D300DC406A /* FirebaseFirestore */; };
		F387A67F2D37D4D300DC406A /* FirebaseFirestoreCombine-Community in Frameworks */ = {isa = PBXBuildFile; productRef = F387A67E2D37D4D300DC406A /* FirebaseFirestoreCombine-Community */; };
		F387A6812D37D4D300DC406A /* FirebaseInAppMessaging-Beta in Frameworks */ = {isa = PBXBuildFile; productRef = F387A6802D37D4D300DC406A /* FirebaseInAppMessaging-Beta */; };
		F387A6832D37D52900DC406A /* GoogleSignIn in Frameworks */ = {isa = PBXBuildFile; productRef = F387A6822D37D52900DC406A /* GoogleSignIn */; };
		F387A6852D37D52900DC406A /* GoogleSignInSwift in Frameworks */ = {isa = PBXBuildFile; productRef = F387A6842D37D52900DC406A /* GoogleSignInSwift */; };
		F38BE3452D09A33200123509 /* PythonKit in Frameworks */ = {isa = PBXBuildFile; productRef = F38BE3442D09A33200123509 /* PythonKit */; };
		F3C1997C2CF21E4E00158507 /* FirebaseAnalytics in Frameworks */ = {isa = PBXBuildFile; productRef = F3C1997B2CF21E4E00158507 /* FirebaseAnalytics */; };
		F3C1997E2CF21E4E00158507 /* FirebaseAnalyticsOnDeviceConversion in Frameworks */ = {isa = PBXBuildFile; productRef = F3C1997D2CF21E4E00158507 /* FirebaseAnalyticsOnDeviceConversion */; };
		F3C199802CF21E4E00158507 /* FirebaseAppCheck in Frameworks */ = {isa = PBXBuildFile; productRef = F3C1997F2CF21E4E00158507 /* FirebaseAppCheck */; };
		F3C199822CF21E4E00158507 /* FirebaseAuth in Frameworks */ = {isa = PBXBuildFile; productRef = F3C199812CF21E4E00158507 /* FirebaseAuth */; };
		F3C199842CF21E4E00158507 /* FirebaseAuthCombine-Community in Frameworks */ = {isa = PBXBuildFile; productRef = F3C199832CF21E4E00158507 /* FirebaseAuthCombine-Community */; };
		F3C199862CF21E4E00158507 /* FirebaseCore in Frameworks */ = {isa = PBXBuildFile; productRef = F3C199852CF21E4E00158507 /* FirebaseCore */; };
		F3C199882CF21E4E00158507 /* FirebaseDatabase in Frameworks */ = {isa = PBXBuildFile; productRef = F3C199872CF21E4E00158507 /* FirebaseDatabase */; };
		F3C1998A2CF21E4E00158507 /* FirebaseFirestore in Frameworks */ = {isa = PBXBuildFile; productRef = F3C199892CF21E4E00158507 /* FirebaseFirestore */; };
		F3C1998C2CF21E4E00158507 /* FirebaseFirestoreCombine-Community in Frameworks */ = {isa = PBXBuildFile; productRef = F3C1998B2CF21E4E00158507 /* FirebaseFirestoreCombine-Community */; };
		F3C1998E2CF21E4E00158507 /* FirebaseMLModelDownloader in Frameworks */ = {isa = PBXBuildFile; productRef = F3C1998D2CF21E4E00158507 /* FirebaseMLModelDownloader */; };
		F3C199902CF21E4E00158507 /* FirebaseStorage in Frameworks */ = {isa = PBXBuildFile; productRef = F3C1998F2CF21E4E00158507 /* FirebaseStorage */; };
		F3C199922CF21E4E00158507 /* FirebaseStorageCombine-Community in Frameworks */ = {isa = PBXBuildFile; productRef = F3C199912CF21E4E00158507 /* FirebaseStorageCombine-Community */; };
		F3C199952CF21E7400158507 /* GoogleSignIn in Frameworks */ = {isa = PBXBuildFile; productRef = F3C199942CF21E7400158507 /* GoogleSignIn */; };
		F3C199972CF21E7400158507 /* GoogleSignInSwift in Frameworks */ = {isa = PBXBuildFile; productRef = F3C199962CF21E7400158507 /* GoogleSignInSwift */; };
/* End PBXBuildFile section */

/* Begin PBXContainerItemProxy section */
		F3E343562CEFB30D005EF40A /* PBXContainerItemProxy */ = {
			isa = PBXContainerItemProxy;
			containerPortal = F3E3433D2CEFB30B005EF40A /* Project object */;
			proxyType = 1;
			remoteGlobalIDString = F3E343442CEFB30B005EF40A;
			remoteInfo = L2Play;
		};
		F3E343602CEFB30D005EF40A /* PBXContainerItemProxy */ = {
			isa = PBXContainerItemProxy;
			containerPortal = F3E3433D2CEFB30B005EF40A /* Project object */;
			proxyType = 1;
			remoteGlobalIDString = F3E343442CEFB30B005EF40A;
			remoteInfo = L2Play;
		};
/* End PBXContainerItemProxy section */

/* Begin PBXFileReference section */
		F38D9E2B2CF22013009AF806 /* L2Play.app */ = {isa = PBXFileReference; explicitFileType = wrapper.application; includeInIndex = 0; path = L2Play.app; sourceTree = BUILT_PRODUCTS_DIR; };
		F38D9E2C2CF22013009AF806 /* L2PlayTests.xctest */ = {isa = PBXFileReference; explicitFileType = wrapper.cfbundle; includeInIndex = 0; path = L2PlayTests.xctest; sourceTree = BUILT_PRODUCTS_DIR; };
		F38D9E2D2CF22013009AF806 /* L2PlayUITests.xctest */ = {isa = PBXFileReference; explicitFileType = wrapper.cfbundle; includeInIndex = 0; path = L2PlayUITests.xctest; sourceTree = BUILT_PRODUCTS_DIR; };
/* End PBXFileReference section */

/* Begin PBXFileSystemSynchronizedBuildFileExceptionSet section */
		F387A6872D37D76E00DC406A /* Exceptions for "L2PlayTests" folder in "L2Play" target */ = {
			isa = PBXFileSystemSynchronizedBuildFileExceptionSet;
			membershipExceptions = (
				Mocks/MockAuthViewModel.swift,
			);
			target = F3E343442CEFB30B005EF40A /* L2Play */;
		};
		F387A6882D37D76E00DC406A /* Exceptions for "L2PlayTests" folder in "L2PlayTests" target */ = {
			isa = PBXFileSystemSynchronizedBuildFileExceptionSet;
			membershipExceptions = (
				Mocks/MockAuthViewModel.swift,
			);
			target = F3E343542CEFB30D005EF40A /* L2PlayTests */;
		};
		F3E344042CEFBBD3005EF40A /* Exceptions for "L2Play" folder in "L2Play" target */ = {
			isa = PBXFileSystemSynchronizedBuildFileExceptionSet;
			membershipExceptions = (
				Info.plist,
			);
			target = F3E343442CEFB30B005EF40A /* L2Play */;
		};
/* End PBXFileSystemSynchronizedBuildFileExceptionSet section */

/* Begin PBXFileSystemSynchronizedRootGroup section */
		F3DF33352CF3423100138A77 /* L2PlayUseCaseTests */ = {
			isa = PBXFileSystemSynchronizedRootGroup;
			path = L2PlayUseCaseTests;
			sourceTree = "<group>";
		};
		F3E343472CEFB30B005EF40A /* L2Play */ = {
			isa = PBXFileSystemSynchronizedRootGroup;
			exceptions = (
				F3E344042CEFBBD3005EF40A /* Exceptions for "L2Play" folder in "L2Play" target */,
			);
			path = L2Play;
			sourceTree = "<group>";
		};
		F3E343582CEFB30D005EF40A /* L2PlayTests */ = {
			isa = PBXFileSystemSynchronizedRootGroup;
			exceptions = (
				F387A6872D37D76E00DC406A /* Exceptions for "L2PlayTests" folder in "L2Play" target */,
				F387A6882D37D76E00DC406A /* Exceptions for "L2PlayTests" folder in "L2PlayTests" target */,
			);
			path = L2PlayTests;
			sourceTree = "<group>";
		};
		F3E343622CEFB30D005EF40A /* L2PlayUITests */ = {
			isa = PBXFileSystemSynchronizedRootGroup;
			path = L2PlayUITests;
			sourceTree = "<group>";
		};
/* End PBXFileSystemSynchronizedRootGroup section */

/* Begin PBXFrameworksBuildPhase section */
		F3E343422CEFB30B005EF40A /* Frameworks */ = {
			isa = PBXFrameworksBuildPhase;
			buildActionMask = 2147483647;
			files = (
				F3C199972CF21E7400158507 /* GoogleSignInSwift in Frameworks */,
				F3C199802CF21E4E00158507 /* FirebaseAppCheck in Frameworks */,
				F33DEB4C2D086CC700AF9775 /* Cloudinary in Frameworks */,
				F38BE3452D09A33200123509 /* PythonKit in Frameworks */,
				F3C199842CF21E4E00158507 /* FirebaseAuthCombine-Community in Frameworks */,
				F3C199822CF21E4E00158507 /* FirebaseAuth in Frameworks */,
				F3C199922CF21E4E00158507 /* FirebaseStorageCombine-Community in Frameworks */,
				F3C1998C2CF21E4E00158507 /* FirebaseFirestoreCombine-Community in Frameworks */,
				F3C1997C2CF21E4E00158507 /* FirebaseAnalytics in Frameworks */,
				F3C199902CF21E4E00158507 /* FirebaseStorage in Frameworks */,
				F3C199862CF21E4E00158507 /* FirebaseCore in Frameworks */,
				F3C1998A2CF21E4E00158507 /* FirebaseFirestore in Frameworks */,
				F3C1998E2CF21E4E00158507 /* FirebaseMLModelDownloader in Frameworks */,
				F3C1997E2CF21E4E00158507 /* FirebaseAnalyticsOnDeviceConversion in Frameworks */,
				F3C199882CF21E4E00158507 /* FirebaseDatabase in Frameworks */,
				F3C199952CF21E7400158507 /* GoogleSignIn in Frameworks */,
			);
			runOnlyForDeploymentPostprocessing = 0;
		};
		F3E343522CEFB30D005EF40A /* Frameworks */ = {
			isa = PBXFrameworksBuildPhase;
			buildActionMask = 2147483647;
			files = (
			);
			runOnlyForDeploymentPostprocessing = 0;
		};
		F3E3435C2CEFB30D005EF40A /* Frameworks */ = {
			isa = PBXFrameworksBuildPhase;
			buildActionMask = 2147483647;
			files = (
				F387A6852D37D52900DC406A /* GoogleSignInSwift in Frameworks */,
				F387A6752D37D3BC00DC406A /* FirebaseAppCheck in Frameworks */,
				F387A6832D37D52900DC406A /* GoogleSignIn in Frameworks */,
				F387A6812D37D4D300DC406A /* FirebaseInAppMessaging-Beta in Frameworks */,
				F387A6792D37D3BC00DC406A /* FirebaseCore in Frameworks */,
				F387A67B2D37D47F00DC406A /* FirebaseDatabase in Frameworks */,
				F387A67F2D37D4D300DC406A /* FirebaseFirestoreCombine-Community in Frameworks */,
				F387A67D2D37D4D300DC406A /* FirebaseFirestore in Frameworks */,
				F387A6772D37D3BC00DC406A /* FirebaseAuth in Frameworks */,
			);
			runOnlyForDeploymentPostprocessing = 0;
		};
/* End PBXFrameworksBuildPhase section */

/* Begin PBXGroup section */
		F3E3433C2CEFB30B005EF40A = {
			isa = PBXGroup;
			children = (
				F3DF33352CF3423100138A77 /* L2PlayUseCaseTests */,
				F3E343472CEFB30B005EF40A /* L2Play */,
				F3E343582CEFB30D005EF40A /* L2PlayTests */,
				F3E343622CEFB30D005EF40A /* L2PlayUITests */,
				F38D9E2B2CF22013009AF806 /* L2Play.app */,
				F38D9E2C2CF22013009AF806 /* L2PlayTests.xctest */,
				F38D9E2D2CF22013009AF806 /* L2PlayUITests.xctest */,
			);
			sourceTree = "<group>";
		};
/* End PBXGroup section */

/* Begin PBXNativeTarget section */
		F3E343442CEFB30B005EF40A /* L2Play */ = {
			isa = PBXNativeTarget;
			buildConfigurationList = F3E343692CEFB30D005EF40A /* Build configuration list for PBXNativeTarget "L2Play" */;
			buildPhases = (
				F3E343412CEFB30B005EF40A /* Sources */,
				F3E343422CEFB30B005EF40A /* Frameworks */,
				F3E343432CEFB30B005EF40A /* Resources */,
			);
			buildRules = (
			);
			dependencies = (
			);
			fileSystemSynchronizedGroups = (
				F3E343472CEFB30B005EF40A /* L2Play */,
			);
			name = L2Play;
			packageProductDependencies = (
				F3C1997B2CF21E4E00158507 /* FirebaseAnalytics */,
				F3C1997D2CF21E4E00158507 /* FirebaseAnalyticsOnDeviceConversion */,
				F3C1997F2CF21E4E00158507 /* FirebaseAppCheck */,
				F3C199812CF21E4E00158507 /* FirebaseAuth */,
				F3C199832CF21E4E00158507 /* FirebaseAuthCombine-Community */,
				F3C199852CF21E4E00158507 /* FirebaseCore */,
				F3C199872CF21E4E00158507 /* FirebaseDatabase */,
				F3C199892CF21E4E00158507 /* FirebaseFirestore */,
				F3C1998B2CF21E4E00158507 /* FirebaseFirestoreCombine-Community */,
				F3C1998D2CF21E4E00158507 /* FirebaseMLModelDownloader */,
				F3C1998F2CF21E4E00158507 /* FirebaseStorage */,
				F3C199912CF21E4E00158507 /* FirebaseStorageCombine-Community */,
				F3C199942CF21E7400158507 /* GoogleSignIn */,
				F3C199962CF21E7400158507 /* GoogleSignInSwift */,
				F33DEB4B2D086CC700AF9775 /* Cloudinary */,
				F38BE3442D09A33200123509 /* PythonKit */,
			);
			productName = L2Play;
			productReference = F38D9E2B2CF22013009AF806 /* L2Play.app */;
			productType = "com.apple.product-type.application";
		};
		F3E343542CEFB30D005EF40A /* L2PlayTests */ = {
			isa = PBXNativeTarget;
			buildConfigurationList = F3E3436C2CEFB30D005EF40A /* Build configuration list for PBXNativeTarget "L2PlayTests" */;
			buildPhases = (
				F3E343512CEFB30D005EF40A /* Sources */,
				F3E343522CEFB30D005EF40A /* Frameworks */,
				F3E343532CEFB30D005EF40A /* Resources */,
			);
			buildRules = (
			);
			dependencies = (
				F3E343572CEFB30D005EF40A /* PBXTargetDependency */,
			);
			fileSystemSynchronizedGroups = (
				F3E343582CEFB30D005EF40A /* L2PlayTests */,
			);
			name = L2PlayTests;
			productName = L2PlayTests;
			productReference = F38D9E2C2CF22013009AF806 /* L2PlayTests.xctest */;
			productType = "com.apple.product-type.bundle.unit-test";
		};
		F3E3435E2CEFB30D005EF40A /* L2PlayUITests */ = {
			isa = PBXNativeTarget;
			buildConfigurationList = F3E3436F2CEFB30D005EF40A /* Build configuration list for PBXNativeTarget "L2PlayUITests" */;
			buildPhases = (
				F3E3435B2CEFB30D005EF40A /* Sources */,
				F3E3435C2CEFB30D005EF40A /* Frameworks */,
				F3E3435D2CEFB30D005EF40A /* Resources */,
			);
			buildRules = (
			);
			dependencies = (
				F3E343612CEFB30D005EF40A /* PBXTargetDependency */,
			);
			fileSystemSynchronizedGroups = (
				F3E343622CEFB30D005EF40A /* L2PlayUITests */,
			);
			name = L2PlayUITests;
			productName = L2PlayUITests;
			productReference = F38D9E2D2CF22013009AF806 /* L2PlayUITests.xctest */;
			productType = "com.apple.product-type.bundle.ui-testing";
		};
/* End PBXNativeTarget section */

/* Begin PBXProject section */
		F3E3433D2CEFB30B005EF40A /* Project object */ = {
			isa = PBXProject;
			attributes = {
				BuildIndependentTargetsInParallel = 1;
				LastSwiftUpdateCheck = 1600;
				LastUpgradeCheck = 1610;
				TargetAttributes = {
					F3E343442CEFB30B005EF40A = {
						CreatedOnToolsVersion = 16.0;
					};
					F3E343542CEFB30D005EF40A = {
						CreatedOnToolsVersion = 16.0;
						TestTargetID = F3E343442CEFB30B005EF40A;
					};
					F3E3435E2CEFB30D005EF40A = {
						CreatedOnToolsVersion = 16.0;
						TestTargetID = F3E343442CEFB30B005EF40A;
					};
				};
			};
			buildConfigurationList = F3E343402CEFB30B005EF40A /* Build configuration list for PBXProject "L2Play" */;
			developmentRegion = en;
			hasScannedForEncodings = 0;
			knownRegions = (
				en,
				Base,
				pl,
			);
			mainGroup = F3E3433C2CEFB30B005EF40A;
			minimizedProjectReferenceProxies = 1;
			packageReferences = (
				F3C1997A2CF21E4E00158507 /* XCRemoteSwiftPackageReference "firebase-ios-sdk" */,
				F3C199932CF21E7400158507 /* XCRemoteSwiftPackageReference "GoogleSignIn-iOS" */,
				F33DEB4A2D086CC700AF9775 /* XCRemoteSwiftPackageReference "cloudinary_ios" */,
				F38BE3432D09A31E00123509 /* XCRemoteSwiftPackageReference "PythonKit" */,
			);
			preferredProjectObjectVersion = 77;
			productRefGroup = F3E3433C2CEFB30B005EF40A;
			projectDirPath = "";
			projectRoot = "";
			targets = (
				F3E343442CEFB30B005EF40A /* L2Play */,
				F3E343542CEFB30D005EF40A /* L2PlayTests */,
				F3E3435E2CEFB30D005EF40A /* L2PlayUITests */,
			);
		};
/* End PBXProject section */

/* Begin PBXResourcesBuildPhase section */
		F3E343432CEFB30B005EF40A /* Resources */ = {
			isa = PBXResourcesBuildPhase;
			buildActionMask = 2147483647;
			files = (
			);
			runOnlyForDeploymentPostprocessing = 0;
		};
		F3E343532CEFB30D005EF40A /* Resources */ = {
			isa = PBXResourcesBuildPhase;
			buildActionMask = 2147483647;
			files = (
			);
			runOnlyForDeploymentPostprocessing = 0;
		};
		F3E3435D2CEFB30D005EF40A /* Resources */ = {
			isa = PBXResourcesBuildPhase;
			buildActionMask = 2147483647;
			files = (
			);
			runOnlyForDeploymentPostprocessing = 0;
		};
/* End PBXResourcesBuildPhase section */

/* Begin PBXSourcesBuildPhase section */
		F3E343412CEFB30B005EF40A /* Sources */ = {
			isa = PBXSourcesBuildPhase;
			buildActionMask = 2147483647;
			files = (
			);
			runOnlyForDeploymentPostprocessing = 0;
		};
		F3E343512CEFB30D005EF40A /* Sources */ = {
			isa = PBXSourcesBuildPhase;
			buildActionMask = 2147483647;
			files = (
			);
			runOnlyForDeploymentPostprocessing = 0;
		};
		F3E3435B2CEFB30D005EF40A /* Sources */ = {
			isa = PBXSourcesBuildPhase;
			buildActionMask = 2147483647;
			files = (
			);
			runOnlyForDeploymentPostprocessing = 0;
		};
/* End PBXSourcesBuildPhase section */

/* Begin PBXTargetDependency section */
		F3E343572CEFB30D005EF40A /* PBXTargetDependency */ = {
			isa = PBXTargetDependency;
			target = F3E343442CEFB30B005EF40A /* L2Play */;
			targetProxy = F3E343562CEFB30D005EF40A /* PBXContainerItemProxy */;
		};
		F3E343612CEFB30D005EF40A /* PBXTargetDependency */ = {
			isa = PBXTargetDependency;
			target = F3E343442CEFB30B005EF40A /* L2Play */;
			targetProxy = F3E343602CEFB30D005EF40A /* PBXContainerItemProxy */;
		};
/* End PBXTargetDependency section */

/* Begin XCBuildConfiguration section */
		F3E343672CEFB30D005EF40A /* Debug */ = {
			isa = XCBuildConfiguration;
			buildSettings = {
				ALWAYS_SEARCH_USER_PATHS = NO;
				ASSETCATALOG_COMPILER_GENERATE_SWIFT_ASSET_SYMBOL_EXTENSIONS = YES;
				CLANG_ANALYZER_LOCALIZABILITY_NONLOCALIZED = YES;
				CLANG_ANALYZER_NONNULL = YES;
				CLANG_ANALYZER_NUMBER_OBJECT_CONVERSION = YES_AGGRESSIVE;
				CLANG_CXX_LANGUAGE_STANDARD = "gnu++20";
				CLANG_ENABLE_MODULES = YES;
				CLANG_ENABLE_OBJC_ARC = YES;
				CLANG_ENABLE_OBJC_WEAK = YES;
				CLANG_WARN_BLOCK_CAPTURE_AUTORELEASING = YES;
				CLANG_WARN_BOOL_CONVERSION = YES;
				CLANG_WARN_COMMA = YES;
				CLANG_WARN_CONSTANT_CONVERSION = YES;
				CLANG_WARN_DEPRECATED_OBJC_IMPLEMENTATIONS = YES;
				CLANG_WARN_DIRECT_OBJC_ISA_USAGE = YES_ERROR;
				CLANG_WARN_DOCUMENTATION_COMMENTS = YES;
				CLANG_WARN_EMPTY_BODY = YES;
				CLANG_WARN_ENUM_CONVERSION = YES;
				CLANG_WARN_INFINITE_RECURSION = YES;
				CLANG_WARN_INT_CONVERSION = YES;
				CLANG_WARN_NON_LITERAL_NULL_CONVERSION = YES;
				CLANG_WARN_OBJC_IMPLICIT_RETAIN_SELF = YES;
				CLANG_WARN_OBJC_LITERAL_CONVERSION = YES;
				CLANG_WARN_OBJC_ROOT_CLASS = YES_ERROR;
				CLANG_WARN_QUOTED_INCLUDE_IN_FRAMEWORK_HEADER = YES;
				CLANG_WARN_RANGE_LOOP_ANALYSIS = YES;
				CLANG_WARN_STRICT_PROTOTYPES = YES;
				CLANG_WARN_SUSPICIOUS_MOVE = YES;
				CLANG_WARN_UNGUARDED_AVAILABILITY = YES_AGGRESSIVE;
				CLANG_WARN_UNREACHABLE_CODE = YES;
				CLANG_WARN__DUPLICATE_METHOD_MATCH = YES;
				COPY_PHASE_STRIP = NO;
				DEBUG_INFORMATION_FORMAT = dwarf;
				ENABLE_STRICT_OBJC_MSGSEND = YES;
				ENABLE_TESTABILITY = YES;
				ENABLE_USER_SCRIPT_SANDBOXING = YES;
				GCC_C_LANGUAGE_STANDARD = gnu17;
				GCC_DYNAMIC_NO_PIC = NO;
				GCC_NO_COMMON_BLOCKS = YES;
				GCC_OPTIMIZATION_LEVEL = 0;
				GCC_PREPROCESSOR_DEFINITIONS = (
					"DEBUG=1",
					"$(inherited)",
				);
				GCC_WARN_64_TO_32_BIT_CONVERSION = YES;
				GCC_WARN_ABOUT_RETURN_TYPE = YES_ERROR;
				GCC_WARN_UNDECLARED_SELECTOR = YES;
				GCC_WARN_UNINITIALIZED_AUTOS = YES_AGGRESSIVE;
				GCC_WARN_UNUSED_FUNCTION = YES;
				GCC_WARN_UNUSED_VARIABLE = YES;
				IPHONEOS_DEPLOYMENT_TARGET = 18.0;
				LOCALIZATION_PREFERS_STRING_CATALOGS = YES;
				MTL_ENABLE_DEBUG_INFO = INCLUDE_SOURCE;
				MTL_FAST_MATH = YES;
				ONLY_ACTIVE_ARCH = YES;
				SDKROOT = iphoneos;
				SWIFT_ACTIVE_COMPILATION_CONDITIONS = "DEBUG $(inherited)";
				SWIFT_OPTIMIZATION_LEVEL = "-Onone";
			};
			name = Debug;
		};
		F3E343682CEFB30D005EF40A /* Release */ = {
			isa = XCBuildConfiguration;
			buildSettings = {
				ALWAYS_SEARCH_USER_PATHS = NO;
				ASSETCATALOG_COMPILER_GENERATE_SWIFT_ASSET_SYMBOL_EXTENSIONS = YES;
				CLANG_ANALYZER_LOCALIZABILITY_NONLOCALIZED = YES;
				CLANG_ANALYZER_NONNULL = YES;
				CLANG_ANALYZER_NUMBER_OBJECT_CONVERSION = YES_AGGRESSIVE;
				CLANG_CXX_LANGUAGE_STANDARD = "gnu++20";
				CLANG_ENABLE_MODULES = YES;
				CLANG_ENABLE_OBJC_ARC = YES;
				CLANG_ENABLE_OBJC_WEAK = YES;
				CLANG_WARN_BLOCK_CAPTURE_AUTORELEASING = YES;
				CLANG_WARN_BOOL_CONVERSION = YES;
				CLANG_WARN_COMMA = YES;
				CLANG_WARN_CONSTANT_CONVERSION = YES;
				CLANG_WARN_DEPRECATED_OBJC_IMPLEMENTATIONS = YES;
				CLANG_WARN_DIRECT_OBJC_ISA_USAGE = YES_ERROR;
				CLANG_WARN_DOCUMENTATION_COMMENTS = YES;
				CLANG_WARN_EMPTY_BODY = YES;
				CLANG_WARN_ENUM_CONVERSION = YES;
				CLANG_WARN_INFINITE_RECURSION = YES;
				CLANG_WARN_INT_CONVERSION = YES;
				CLANG_WARN_NON_LITERAL_NULL_CONVERSION = YES;
				CLANG_WARN_OBJC_IMPLICIT_RETAIN_SELF = YES;
				CLANG_WARN_OBJC_LITERAL_CONVERSION = YES;
				CLANG_WARN_OBJC_ROOT_CLASS = YES_ERROR;
				CLANG_WARN_QUOTED_INCLUDE_IN_FRAMEWORK_HEADER = YES;
				CLANG_WARN_RANGE_LOOP_ANALYSIS = YES;
				CLANG_WARN_STRICT_PROTOTYPES = YES;
				CLANG_WARN_SUSPICIOUS_MOVE = YES;
				CLANG_WARN_UNGUARDED_AVAILABILITY = YES_AGGRESSIVE;
				CLANG_WARN_UNREACHABLE_CODE = YES;
				CLANG_WARN__DUPLICATE_METHOD_MATCH = YES;
				COPY_PHASE_STRIP = NO;
				DEBUG_INFORMATION_FORMAT = "dwarf-with-dsym";
				ENABLE_NS_ASSERTIONS = NO;
				ENABLE_STRICT_OBJC_MSGSEND = YES;
				ENABLE_USER_SCRIPT_SANDBOXING = YES;
				GCC_C_LANGUAGE_STANDARD = gnu17;
				GCC_NO_COMMON_BLOCKS = YES;
				GCC_WARN_64_TO_32_BIT_CONVERSION = YES;
				GCC_WARN_ABOUT_RETURN_TYPE = YES_ERROR;
				GCC_WARN_UNDECLARED_SELECTOR = YES;
				GCC_WARN_UNINITIALIZED_AUTOS = YES_AGGRESSIVE;
				GCC_WARN_UNUSED_FUNCTION = YES;
				GCC_WARN_UNUSED_VARIABLE = YES;
				IPHONEOS_DEPLOYMENT_TARGET = 18.0;
				LOCALIZATION_PREFERS_STRING_CATALOGS = YES;
				MTL_ENABLE_DEBUG_INFO = NO;
				MTL_FAST_MATH = YES;
				SDKROOT = iphoneos;
				SWIFT_COMPILATION_MODE = wholemodule;
				VALIDATE_PRODUCT = YES;
			};
			name = Release;
		};
		F3E3436A2CEFB30D005EF40A /* Debug */ = {
			isa = XCBuildConfiguration;
			buildSettings = {
				ASSETCATALOG_COMPILER_APPICON_NAME = AppIcon;
				ASSETCATALOG_COMPILER_GLOBAL_ACCENT_COLOR_NAME = AccentColor;
				CODE_SIGN_STYLE = Automatic;
				CURRENT_PROJECT_VERSION = 1;
				DEVELOPMENT_ASSET_PATHS = "\"L2Play/Preview Content\"";
				DEVELOPMENT_TEAM = 7475LNX7TL;
				ENABLE_PREVIEWS = YES;
				GENERATE_INFOPLIST_FILE = YES;
				INFOPLIST_FILE = L2Play/Info.plist;
				INFOPLIST_KEY_UIApplicationSceneManifest_Generation = YES;
				INFOPLIST_KEY_UIApplicationSupportsIndirectInputEvents = YES;
				INFOPLIST_KEY_UILaunchScreen_Generation = YES;
				INFOPLIST_KEY_UISupportedInterfaceOrientations_iPad = "UIInterfaceOrientationPortrait UIInterfaceOrientationPortraitUpsideDown UIInterfaceOrientationLandscapeLeft UIInterfaceOrientationLandscapeRight";
				INFOPLIST_KEY_UISupportedInterfaceOrientations_iPhone = UIInterfaceOrientationPortrait;
				LD_RUNPATH_SEARCH_PATHS = (
					"$(inherited)",
					"@executable_path/Frameworks",
				);
				MARKETING_VERSION = 1.0;
				PRODUCT_BUNDLE_IDENTIFIER = lukaszfabia.L2Play;
				PRODUCT_NAME = "$(TARGET_NAME)";
				SWIFT_EMIT_LOC_STRINGS = YES;
				SWIFT_VERSION = 5.0;
				TARGETED_DEVICE_FAMILY = "1,2";
			};
			name = Debug;
		};
		F3E3436B2CEFB30D005EF40A /* Release */ = {
			isa = XCBuildConfiguration;
			buildSettings = {
				ASSETCATALOG_COMPILER_APPICON_NAME = AppIcon;
				ASSETCATALOG_COMPILER_GLOBAL_ACCENT_COLOR_NAME = AccentColor;
				CODE_SIGN_STYLE = Automatic;
				CURRENT_PROJECT_VERSION = 1;
				DEVELOPMENT_ASSET_PATHS = "\"L2Play/Preview Content\"";
				DEVELOPMENT_TEAM = 7475LNX7TL;
				ENABLE_PREVIEWS = YES;
				GENERATE_INFOPLIST_FILE = YES;
				INFOPLIST_FILE = L2Play/Info.plist;
				INFOPLIST_KEY_UIApplicationSceneManifest_Generation = YES;
				INFOPLIST_KEY_UIApplicationSupportsIndirectInputEvents = YES;
				INFOPLIST_KEY_UILaunchScreen_Generation = YES;
				INFOPLIST_KEY_UISupportedInterfaceOrientations_iPad = "UIInterfaceOrientationPortrait UIInterfaceOrientationPortraitUpsideDown UIInterfaceOrientationLandscapeLeft UIInterfaceOrientationLandscapeRight";
				INFOPLIST_KEY_UISupportedInterfaceOrientations_iPhone = UIInterfaceOrientationPortrait;
				LD_RUNPATH_SEARCH_PATHS = (
					"$(inherited)",
					"@executable_path/Frameworks",
				);
				MARKETING_VERSION = 1.0;
				PRODUCT_BUNDLE_IDENTIFIER = lukaszfabia.L2Play;
				PRODUCT_NAME = "$(TARGET_NAME)";
				SWIFT_EMIT_LOC_STRINGS = YES;
				SWIFT_VERSION = 5.0;
				TARGETED_DEVICE_FAMILY = "1,2";
			};
			name = Release;
		};
		F3E3436D2CEFB30D005EF40A /* Debug */ = {
			isa = XCBuildConfiguration;
			buildSettings = {
				BUNDLE_LOADER = "$(TEST_HOST)";
				CODE_SIGN_STYLE = Automatic;
				CURRENT_PROJECT_VERSION = 1;
				DEVELOPMENT_TEAM = 7475LNX7TL;
				GENERATE_INFOPLIST_FILE = YES;
				IPHONEOS_DEPLOYMENT_TARGET = 18.0;
				MARKETING_VERSION = 1.0;
				PRODUCT_BUNDLE_IDENTIFIER = lukaszfabia.L2PlayTests;
				PRODUCT_NAME = "$(TARGET_NAME)";
				SWIFT_EMIT_LOC_STRINGS = NO;
				SWIFT_VERSION = 5.0;
				TARGETED_DEVICE_FAMILY = "1,2";
				TEST_HOST = "$(BUILT_PRODUCTS_DIR)/L2Play.app/$(BUNDLE_EXECUTABLE_FOLDER_PATH)/L2Play";
			};
			name = Debug;
		};
		F3E3436E2CEFB30D005EF40A /* Release */ = {
			isa = XCBuildConfiguration;
			buildSettings = {
				BUNDLE_LOADER = "$(TEST_HOST)";
				CODE_SIGN_STYLE = Automatic;
				CURRENT_PROJECT_VERSION = 1;
				DEVELOPMENT_TEAM = 7475LNX7TL;
				GENERATE_INFOPLIST_FILE = YES;
				IPHONEOS_DEPLOYMENT_TARGET = 18.0;
				MARKETING_VERSION = 1.0;
				PRODUCT_BUNDLE_IDENTIFIER = lukaszfabia.L2PlayTests;
				PRODUCT_NAME = "$(TARGET_NAME)";
				SWIFT_EMIT_LOC_STRINGS = NO;
				SWIFT_VERSION = 5.0;
				TARGETED_DEVICE_FAMILY = "1,2";
				TEST_HOST = "$(BUILT_PRODUCTS_DIR)/L2Play.app/$(BUNDLE_EXECUTABLE_FOLDER_PATH)/L2Play";
			};
			name = Release;
		};
		F3E343702CEFB30D005EF40A /* Debug */ = {
			isa = XCBuildConfiguration;
			buildSettings = {
				CODE_SIGN_STYLE = Automatic;
				CURRENT_PROJECT_VERSION = 1;
				DEVELOPMENT_TEAM = 7475LNX7TL;
				GENERATE_INFOPLIST_FILE = YES;
				MARKETING_VERSION = 1.0;
				PRODUCT_BUNDLE_IDENTIFIER = lukaszfabia.L2PlayUITests;
				PRODUCT_NAME = "$(TARGET_NAME)";
				SWIFT_EMIT_LOC_STRINGS = NO;
				SWIFT_VERSION = 5.0;
				TARGETED_DEVICE_FAMILY = "1,2";
				TEST_TARGET_NAME = L2Play;
			};
			name = Debug;
		};
		F3E343712CEFB30D005EF40A /* Release */ = {
			isa = XCBuildConfiguration;
			buildSettings = {
				CODE_SIGN_STYLE = Automatic;
				CURRENT_PROJECT_VERSION = 1;
				DEVELOPMENT_TEAM = 7475LNX7TL;
				GENERATE_INFOPLIST_FILE = YES;
				MARKETING_VERSION = 1.0;
				PRODUCT_BUNDLE_IDENTIFIER = lukaszfabia.L2PlayUITests;
				PRODUCT_NAME = "$(TARGET_NAME)";
				SWIFT_EMIT_LOC_STRINGS = NO;
				SWIFT_VERSION = 5.0;
				TARGETED_DEVICE_FAMILY = "1,2";
				TEST_TARGET_NAME = L2Play;
			};
			name = Release;
		};
/* End XCBuildConfiguration section */

/* Begin XCConfigurationList section */
		F3E343402CEFB30B005EF40A /* Build configuration list for PBXProject "L2Play" */ = {
			isa = XCConfigurationList;
			buildConfigurations = (
				F3E343672CEFB30D005EF40A /* Debug */,
				F3E343682CEFB30D005EF40A /* Release */,
			);
			defaultConfigurationIsVisible = 0;
			defaultConfigurationName = Release;
		};
		F3E343692CEFB30D005EF40A /* Build configuration list for PBXNativeTarget "L2Play" */ = {
			isa = XCConfigurationList;
			buildConfigurations = (
				F3E3436A2CEFB30D005EF40A /* Debug */,
				F3E3436B2CEFB30D005EF40A /* Release */,
			);
			defaultConfigurationIsVisible = 0;
			defaultConfigurationName = Release;
		};
		F3E3436C2CEFB30D005EF40A /* Build configuration list for PBXNativeTarget "L2PlayTests" */ = {
			isa = XCConfigurationList;
			buildConfigurations = (
				F3E3436D2CEFB30D005EF40A /* Debug */,
				F3E3436E2CEFB30D005EF40A /* Release */,
			);
			defaultConfigurationIsVisible = 0;
			defaultConfigurationName = Release;
		};
		F3E3436F2CEFB30D005EF40A /* Build configuration list for PBXNativeTarget "L2PlayUITests" */ = {
			isa = XCConfigurationList;
			buildConfigurations = (
				F3E343702CEFB30D005EF40A /* Debug */,
				F3E343712CEFB30D005EF40A /* Release */,
			);
			defaultConfigurationIsVisible = 0;
			defaultConfigurationName = Release;
		};
/* End XCConfigurationList section */

/* Begin XCRemoteSwiftPackageReference section */
		F33DEB4A2D086CC700AF9775 /* XCRemoteSwiftPackageReference "cloudinary_ios" */ = {
			isa = XCRemoteSwiftPackageReference;
			repositoryURL = "https://github.com/cloudinary/cloudinary_ios.git";
			requirement = {
				kind = upToNextMajorVersion;
				minimumVersion = 5.1.0;
			};
		};
		F38BE3432D09A31E00123509 /* XCRemoteSwiftPackageReference "PythonKit" */ = {
			isa = XCRemoteSwiftPackageReference;
			repositoryURL = "https://github.com/pvieito/PythonKit.git";
			requirement = {
				branch = master;
				kind = branch;
			};
		};
		F3C1997A2CF21E4E00158507 /* XCRemoteSwiftPackageReference "firebase-ios-sdk" */ = {
			isa = XCRemoteSwiftPackageReference;
			repositoryURL = "https://github.com/firebase/firebase-ios-sdk";
			requirement = {
				kind = upToNextMajorVersion;
				minimumVersion = 11.5.0;
			};
		};
		F3C199932CF21E7400158507 /* XCRemoteSwiftPackageReference "GoogleSignIn-iOS" */ = {
			isa = XCRemoteSwiftPackageReference;
			repositoryURL = "https://github.com/google/GoogleSignIn-iOS";
			requirement = {
				kind = upToNextMajorVersion;
				minimumVersion = 8.0.0;
			};
		};
/* End XCRemoteSwiftPackageReference section */

/* Begin XCSwiftPackageProductDependency section */
		F33DEB4B2D086CC700AF9775 /* Cloudinary */ = {
			isa = XCSwiftPackageProductDependency;
			package = F33DEB4A2D086CC700AF9775 /* XCRemoteSwiftPackageReference "cloudinary_ios" */;
			productName = Cloudinary;
		};
		F387A6742D37D3BC00DC406A /* FirebaseAppCheck */ = {
			isa = XCSwiftPackageProductDependency;
			package = F3C1997A2CF21E4E00158507 /* XCRemoteSwiftPackageReference "firebase-ios-sdk" */;
			productName = FirebaseAppCheck;
		};
		F387A6762D37D3BC00DC406A /* FirebaseAuth */ = {
			isa = XCSwiftPackageProductDependency;
			package = F3C1997A2CF21E4E00158507 /* XCRemoteSwiftPackageReference "firebase-ios-sdk" */;
			productName = FirebaseAuth;
		};
		F387A6782D37D3BC00DC406A /* FirebaseCore */ = {
			isa = XCSwiftPackageProductDependency;
			package = F3C1997A2CF21E4E00158507 /* XCRemoteSwiftPackageReference "firebase-ios-sdk" */;
			productName = FirebaseCore;
		};
		F387A67A2D37D47F00DC406A /* FirebaseDatabase */ = {
			isa = XCSwiftPackageProductDependency;
			package = F3C1997A2CF21E4E00158507 /* XCRemoteSwiftPackageReference "firebase-ios-sdk" */;
			productName = FirebaseDatabase;
		};
		F387A67C2D37D4D300DC406A /* FirebaseFirestore */ = {
			isa = XCSwiftPackageProductDependency;
			package = F3C1997A2CF21E4E00158507 /* XCRemoteSwiftPackageReference "firebase-ios-sdk" */;
			productName = FirebaseFirestore;
		};
		F387A67E2D37D4D300DC406A /* FirebaseFirestoreCombine-Community */ = {
			isa = XCSwiftPackageProductDependency;
			package = F3C1997A2CF21E4E00158507 /* XCRemoteSwiftPackageReference "firebase-ios-sdk" */;
			productName = "FirebaseFirestoreCombine-Community";
		};
		F387A6802D37D4D300DC406A /* FirebaseInAppMessaging-Beta */ = {
			isa = XCSwiftPackageProductDependency;
			package = F3C1997A2CF21E4E00158507 /* XCRemoteSwiftPackageReference "firebase-ios-sdk" */;
			productName = "FirebaseInAppMessaging-Beta";
		};
		F387A6822D37D52900DC406A /* GoogleSignIn */ = {
			isa = XCSwiftPackageProductDependency;
			package = F3C199932CF21E7400158507 /* XCRemoteSwiftPackageReference "GoogleSignIn-iOS" */;
			productName = GoogleSignIn;
		};
		F387A6842D37D52900DC406A /* GoogleSignInSwift */ = {
			isa = XCSwiftPackageProductDependency;
			package = F3C199932CF21E7400158507 /* XCRemoteSwiftPackageReference "GoogleSignIn-iOS" */;
			productName = GoogleSignInSwift;
		};
		F38BE3442D09A33200123509 /* PythonKit */ = {
			isa = XCSwiftPackageProductDependency;
			package = F38BE3432D09A31E00123509 /* XCRemoteSwiftPackageReference "PythonKit" */;
			productName = PythonKit;
		};
		F3C1997B2CF21E4E00158507 /* FirebaseAnalytics */ = {
			isa = XCSwiftPackageProductDependency;
			package = F3C1997A2CF21E4E00158507 /* XCRemoteSwiftPackageReference "firebase-ios-sdk" */;
			productName = FirebaseAnalytics;
		};
		F3C1997D2CF21E4E00158507 /* FirebaseAnalyticsOnDeviceConversion */ = {
			isa = XCSwiftPackageProductDependency;
			package = F3C1997A2CF21E4E00158507 /* XCRemoteSwiftPackageReference "firebase-ios-sdk" */;
			productName = FirebaseAnalyticsOnDeviceConversion;
		};
		F3C1997F2CF21E4E00158507 /* FirebaseAppCheck */ = {
			isa = XCSwiftPackageProductDependency;
			package = F3C1997A2CF21E4E00158507 /* XCRemoteSwiftPackageReference "firebase-ios-sdk" */;
			productName = FirebaseAppCheck;
		};
		F3C199812CF21E4E00158507 /* FirebaseAuth */ = {
			isa = XCSwiftPackageProductDependency;
			package = F3C1997A2CF21E4E00158507 /* XCRemoteSwiftPackageReference "firebase-ios-sdk" */;
			productName = FirebaseAuth;
		};
		F3C199832CF21E4E00158507 /* FirebaseAuthCombine-Community */ = {
			isa = XCSwiftPackageProductDependency;
			package = F3C1997A2CF21E4E00158507 /* XCRemoteSwiftPackageReference "firebase-ios-sdk" */;
			productName = "FirebaseAuthCombine-Community";
		};
		F3C199852CF21E4E00158507 /* FirebaseCore */ = {
			isa = XCSwiftPackageProductDependency;
			package = F3C1997A2CF21E4E00158507 /* XCRemoteSwiftPackageReference "firebase-ios-sdk" */;
			productName = FirebaseCore;
		};
		F3C199872CF21E4E00158507 /* FirebaseDatabase */ = {
			isa = XCSwiftPackageProductDependency;
			package = F3C1997A2CF21E4E00158507 /* XCRemoteSwiftPackageReference "firebase-ios-sdk" */;
			productName = FirebaseDatabase;
		};
		F3C199892CF21E4E00158507 /* FirebaseFirestore */ = {
			isa = XCSwiftPackageProductDependency;
			package = F3C1997A2CF21E4E00158507 /* XCRemoteSwiftPackageReference "firebase-ios-sdk" */;
			productName = FirebaseFirestore;
		};
		F3C1998B2CF21E4E00158507 /* FirebaseFirestoreCombine-Community */ = {
			isa = XCSwiftPackageProductDependency;
			package = F3C1997A2CF21E4E00158507 /* XCRemoteSwiftPackageReference "firebase-ios-sdk" */;
			productName = "FirebaseFirestoreCombine-Community";
		};
		F3C1998D2CF21E4E00158507 /* FirebaseMLModelDownloader */ = {
			isa = XCSwiftPackageProductDependency;
			package = F3C1997A2CF21E4E00158507 /* XCRemoteSwiftPackageReference "firebase-ios-sdk" */;
			productName = FirebaseMLModelDownloader;
		};
		F3C1998F2CF21E4E00158507 /* FirebaseStorage */ = {
			isa = XCSwiftPackageProductDependency;
			package = F3C1997A2CF21E4E00158507 /* XCRemoteSwiftPackageReference "firebase-ios-sdk" */;
			productName = FirebaseStorage;
		};
		F3C199912CF21E4E00158507 /* FirebaseStorageCombine-Community */ = {
			isa = XCSwiftPackageProductDependency;
			package = F3C1997A2CF21E4E00158507 /* XCRemoteSwiftPackageReference "firebase-ios-sdk" */;
			productName = "FirebaseStorageCombine-Community";
		};
		F3C199942CF21E7400158507 /* GoogleSignIn */ = {
			isa = XCSwiftPackageProductDependency;
			package = F3C199932CF21E7400158507 /* XCRemoteSwiftPackageReference "GoogleSignIn-iOS" */;
			productName = GoogleSignIn;
		};
		F3C199962CF21E7400158507 /* GoogleSignInSwift */ = {
			isa = XCSwiftPackageProductDependency;
			package = F3C199932CF21E7400158507 /* XCRemoteSwiftPackageReference "GoogleSignIn-iOS" */;
			productName = GoogleSignInSwift;
		};
/* End XCSwiftPackageProductDependency section */
	};
	rootObject = F3E3433D2CEFB30B005EF40A /* Project object */;
}
